
Microsoft Visual Studio Solution File, Format Version 12.00
# Visual Studio Version 17
VisualStudioVersion = 17.4.33205.214
MinimumVisualStudioVersion = 10.0.40219.1
Project("{9A19103F-16F7-4668-BE54-9A1E7A4F7556}") = "BlazorWpfTemplate", "BlazorWpfTemplate.csproj", "{E0070E31-8277-408B-B15E-DBABC3BD7EA4}"
EndProject
Global
	GlobalSection(SolutionConfigurationPlatforms) = preSolution
		Debug|Any CPU = Debug|Any CPU
		Release|Any CPU = Release|Any CPU
	EndGlobalSection
	GlobalSection(ProjectConfigurationPlatforms) = postSolution
		{E0070E31-8277-408B-B15E-DBABC3BD7EA4}.Debug|Any CPU.ActiveCfg = Debug|Any CPU
		{E0070E31-8277-408B-B15E-DBABC3BD7EA4}.Debug|Any CPU.Build.0 = Debug|Any CPU
		{E0070E31-8277-408B-B15E-DBABC3BD7EA4}.Release|Any CPU.ActiveCfg = Release|Any CPU
		{E0070E31-8277-408B-B15E-DBABC3BD7EA4}.Release|Any CPU.Build.0 = Release|Any CPU
	EndGlobalSection
	GlobalSection(SolutionProperties) = preSolution
		HideSolutionNode = FALSE
	EndGlobalSection
	GlobalSection(ExtensibilityGlobals) = postSolution
		SolutionGuid = {BB6F5C16-B857-489E-95B6-F98B307B90B4}
	EndGlobalSection
EndGlobal
